<?xml version="1.0" encoding="UTF-8" standalone="yes" ?>
<CodeBlocks_project_file>
	<FileVersion major="1" minor="6" />
	<Project>
		<Option title="tinySTaMp" />
		<Option makefile_is_custom="1" />
		<Option execution_dir="/home/jbs/src/cb02/tinySTaMp" />
		<Option pch_mode="2" />
		<Option compiler="gcc" />
		<MakeCommands>
			<Build command="$make -f $makefile" />
			<CompileFile command="$make -f $makefile $file" />
			<Clean command="$make -f $makefile clean" />
			<DistClean command="$make -f $makefile distclean$target" />
			<AskRebuildNeeded command="$make -q -f $makefile" />
			<SilentBuild command="$make -s -f $makefile" />
		</MakeCommands>
		<Build>
			<Target title="Debug">
				<Option output="stamp-0.9.10/vacation/vacation" prefix_auto="0" extension_auto="0" />
				<Option working_dir="stamp-0.9.10/vacation" />
				<Option object_output="obj/Debug/" />
				<Option type="1" />
				<Option compiler="gcc" />
				<Option parameters="-n2 -q90 -u98 -r1048576 -t4194304 -w 40000 -c 8" />
				<MakeCommands>
					<Build command="$make -f $makefile" />
					<CompileFile command="$make -f $makefile $file" />
					<Clean command="" />
					<DistClean command="$make -f $makefile distclean$target" />
					<AskRebuildNeeded command="$make -q -f $makefile" />
					<SilentBuild command="$make -s -f $makefile" />
				</MakeCommands>
			</Target>
			<Target title="Release">
				<Option output="bin/Release/tinySTaMp" prefix_auto="1" extension_auto="1" />
				<Option object_output="obj/Release/" />
				<Option type="1" />
				<Option compiler="gcc" />
				<Option parameters="-a15 -i inputs/ttimeu100000.2 -t8" />
				<Compiler>
					<Add option="-O2" />
				</Compiler>
				<Linker>
					<Add option="-s" />
				</Linker>
			</Target>
		</Build>
		<Compiler>
			<Add option="-Wall" />
		</Compiler>
		<Unit filename="stamp-0.9.10-tinySTM-1.0.0/Defines.common.mk" />
		<Unit filename="stamp-0.9.10-tinySTM-1.0.0/Makefile.stm" />
		<Unit filename="stamp-0.9.10-tinySTM-1.0.0/README" />
		<Unit filename="stamp-0.9.10-tinySTM-1.0.0/stamp-test.sh" />
		<Unit filename="stamp-0.9.10-tinySTM-1.0.0/tm.h" />
		<Unit filename="stamp-0.9.10/AUTHORS" />
		<Unit filename="stamp-0.9.10/LICENSE" />
		<Unit filename="stamp-0.9.10/README" />
		<Unit filename="stamp-0.9.10/VERSIONS" />
		<Unit filename="stamp-0.9.10/attachment.patch" />
		<Unit filename="stamp-0.9.10/bayes/Defines.common.mk" />
		<Unit filename="stamp-0.9.10/bayes/Makefile.seq" />
		<Unit filename="stamp-0.9.10/bayes/Makefile.stm" />
		<Unit filename="stamp-0.9.10/bayes/Makefile.stm.otm" />
		<Unit filename="stamp-0.9.10/bayes/README" />
		<Unit filename="stamp-0.9.10/bayes/adtree.c">
			<Option compilerVar="CC" />
		</Unit>
		<Unit filename="stamp-0.9.10/bayes/adtree.h" />
		<Unit filename="stamp-0.9.10/bayes/bayes" />
		<Unit filename="stamp-0.9.10/bayes/bayes.c">
			<Option compilerVar="CC" />
		</Unit>
		<Unit filename="stamp-0.9.10/bayes/data.c">
			<Option compilerVar="CC" />
		</Unit>
		<Unit filename="stamp-0.9.10/bayes/data.h" />
		<Unit filename="stamp-0.9.10/bayes/learner.c">
			<Option compilerVar="CC" />
		</Unit>
		<Unit filename="stamp-0.9.10/bayes/learner.h" />
		<Unit filename="stamp-0.9.10/bayes/net.c">
			<Option compilerVar="CC" />
		</Unit>
		<Unit filename="stamp-0.9.10/bayes/net.h" />
		<Unit filename="stamp-0.9.10/bayes/operation.h" />
		<Unit filename="stamp-0.9.10/bayes/query.h" />
		<Unit filename="stamp-0.9.10/bayes/sort.c">
			<Option compilerVar="CC" />
		</Unit>
		<Unit filename="stamp-0.9.10/bayes/sort.h" />
		<Unit filename="stamp-0.9.10/benchmarks" />
		<Unit filename="stamp-0.9.10/common/Defines.common.mk" />
		<Unit filename="stamp-0.9.10/common/Defines.common.otm.mk" />
		<Unit filename="stamp-0.9.10/common/Makefile.common" />
		<Unit filename="stamp-0.9.10/common/Makefile.seq" />
		<Unit filename="stamp-0.9.10/common/Makefile.stm" />
		<Unit filename="stamp-0.9.10/common/Makefile.stm.otm" />
		<Unit filename="stamp-0.9.10/genome/Defines.common.mk" />
		<Unit filename="stamp-0.9.10/genome/Makefile.seq" />
		<Unit filename="stamp-0.9.10/genome/Makefile.stm" />
		<Unit filename="stamp-0.9.10/genome/Makefile.stm.otm" />
		<Unit filename="stamp-0.9.10/genome/README" />
		<Unit filename="stamp-0.9.10/genome/gene.c">
			<Option compilerVar="CC" />
		</Unit>
		<Unit filename="stamp-0.9.10/genome/gene.h" />
		<Unit filename="stamp-0.9.10/genome/genome" />
		<Unit filename="stamp-0.9.10/genome/genome.c">
			<Option compilerVar="CC" />
		</Unit>
		<Unit filename="stamp-0.9.10/genome/nucleotide.h" />
		<Unit filename="stamp-0.9.10/genome/segments.c">
			<Option compilerVar="CC" />
		</Unit>
		<Unit filename="stamp-0.9.10/genome/segments.h" />
		<Unit filename="stamp-0.9.10/genome/sequencer.c">
			<Option compilerVar="CC" />
		</Unit>
		<Unit filename="stamp-0.9.10/genome/sequencer.h" />
		<Unit filename="stamp-0.9.10/genome/table.c">
			<Option compilerVar="CC" />
		</Unit>
		<Unit filename="stamp-0.9.10/genome/table.h" />
		<Unit filename="stamp-0.9.10/graph.eps" />
		<Unit filename="stamp-0.9.10/graph_aborts.eps" />
		<Unit filename="stamp-0.9.10/graph_txs.eps" />
		<Unit filename="stamp-0.9.10/intruder/Defines.common.mk" />
		<Unit filename="stamp-0.9.10/intruder/Makefile.seq" />
		<Unit filename="stamp-0.9.10/intruder/Makefile.stm" />
		<Unit filename="stamp-0.9.10/intruder/Makefile.stm.otm" />
		<Unit filename="stamp-0.9.10/intruder/README" />
		<Unit filename="stamp-0.9.10/intruder/decoder.c">
			<Option compilerVar="CC" />
		</Unit>
		<Unit filename="stamp-0.9.10/intruder/decoder.h" />
		<Unit filename="stamp-0.9.10/intruder/detector.c">
			<Option compilerVar="CC" />
		</Unit>
		<Unit filename="stamp-0.9.10/intruder/detector.h" />
		<Unit filename="stamp-0.9.10/intruder/dictionary.c">
			<Option compilerVar="CC" />
		</Unit>
		<Unit filename="stamp-0.9.10/intruder/dictionary.h" />
		<Unit filename="stamp-0.9.10/intruder/error.h" />
		<Unit filename="stamp-0.9.10/intruder/intruder" />
		<Unit filename="stamp-0.9.10/intruder/intruder.c">
			<Option compilerVar="CC" />
		</Unit>
		<Unit filename="stamp-0.9.10/intruder/packet.c">
			<Option compilerVar="CC" />
		</Unit>
		<Unit filename="stamp-0.9.10/intruder/packet.h" />
		<Unit filename="stamp-0.9.10/intruder/preprocessor.c">
			<Option compilerVar="CC" />
		</Unit>
		<Unit filename="stamp-0.9.10/intruder/preprocessor.h" />
		<Unit filename="stamp-0.9.10/intruder/stream.c">
			<Option compilerVar="CC" />
		</Unit>
		<Unit filename="stamp-0.9.10/intruder/stream.h" />
		<Unit filename="stamp-0.9.10/kmeans/Defines.common.mk" />
		<Unit filename="stamp-0.9.10/kmeans/LICENSE.kmeans" />
		<Unit filename="stamp-0.9.10/kmeans/Makefile.seq" />
		<Unit filename="stamp-0.9.10/kmeans/Makefile.stm" />
		<Unit filename="stamp-0.9.10/kmeans/Makefile.stm.otm" />
		<Unit filename="stamp-0.9.10/kmeans/README" />
		<Unit filename="stamp-0.9.10/kmeans/cluster.c">
			<Option compilerVar="CC" />
		</Unit>
		<Unit filename="stamp-0.9.10/kmeans/cluster.h" />
		<Unit filename="stamp-0.9.10/kmeans/common.c">
			<Option compilerVar="CC" />
		</Unit>
		<Unit filename="stamp-0.9.10/kmeans/common.h" />
		<Unit filename="stamp-0.9.10/kmeans/inputs/color" />
		<Unit filename="stamp-0.9.10/kmeans/inputs/color100" />
		<Unit filename="stamp-0.9.10/kmeans/inputs/edge" />
		<Unit filename="stamp-0.9.10/kmeans/inputs/edge100" />
		<Unit filename="stamp-0.9.10/kmeans/inputs/generate.py" />
		<Unit filename="stamp-0.9.10/kmeans/inputs/random-n16384-d24-c16.txt" />
		<Unit filename="stamp-0.9.10/kmeans/inputs/random-n2048-d16-c16.txt" />
		<Unit filename="stamp-0.9.10/kmeans/inputs/random-n65536-d32-c16.txt" />
		<Unit filename="stamp-0.9.10/kmeans/inputs/random1000_12" />
		<Unit filename="stamp-0.9.10/kmeans/inputs/random50000_12" />
		<Unit filename="stamp-0.9.10/kmeans/inputs/texture100" />
		<Unit filename="stamp-0.9.10/kmeans/kmeans" />
		<Unit filename="stamp-0.9.10/kmeans/kmeans.c">
			<Option compilerVar="CC" />
		</Unit>
		<Unit filename="stamp-0.9.10/kmeans/normal.c">
			<Option compilerVar="CC" />
		</Unit>
		<Unit filename="stamp-0.9.10/kmeans/normal.h" />
		<Unit filename="stamp-0.9.10/kmeans/util.h" />
		<Unit filename="stamp-0.9.10/labyrinth/Defines.common.mk" />
		<Unit filename="stamp-0.9.10/labyrinth/Makefile.seq" />
		<Unit filename="stamp-0.9.10/labyrinth/Makefile.stm" />
		<Unit filename="stamp-0.9.10/labyrinth/Makefile.stm.otm" />
		<Unit filename="stamp-0.9.10/labyrinth/README" />
		<Unit filename="stamp-0.9.10/labyrinth/coordinate.c">
			<Option compilerVar="CC" />
		</Unit>
		<Unit filename="stamp-0.9.10/labyrinth/coordinate.h" />
		<Unit filename="stamp-0.9.10/labyrinth/grid.c">
			<Option compilerVar="CC" />
		</Unit>
		<Unit filename="stamp-0.9.10/labyrinth/grid.h" />
		<Unit filename="stamp-0.9.10/labyrinth/inputs/generate.py" />
		<Unit filename="stamp-0.9.10/labyrinth/inputs/random-x128-y128-z3-n128.txt" />
		<Unit filename="stamp-0.9.10/labyrinth/inputs/random-x128-y128-z3-n64.txt" />
		<Unit filename="stamp-0.9.10/labyrinth/inputs/random-x128-y128-z5-n128.txt" />
		<Unit filename="stamp-0.9.10/labyrinth/inputs/random-x256-y256-z3-n256.txt" />
		<Unit filename="stamp-0.9.10/labyrinth/inputs/random-x256-y256-z5-n256.txt" />
		<Unit filename="stamp-0.9.10/labyrinth/inputs/random-x32-y32-z3-n64.txt" />
		<Unit filename="stamp-0.9.10/labyrinth/inputs/random-x32-y32-z3-n96.txt" />
		<Unit filename="stamp-0.9.10/labyrinth/inputs/random-x48-y48-z3-n48.txt" />
		<Unit filename="stamp-0.9.10/labyrinth/inputs/random-x48-y48-z3-n64.txt" />
		<Unit filename="stamp-0.9.10/labyrinth/inputs/random-x512-y512-z7-n512.txt" />
		<Unit filename="stamp-0.9.10/labyrinth/inputs/random-x64-y64-z3-n48.txt" />
		<Unit filename="stamp-0.9.10/labyrinth/inputs/random-x64-y64-z3-n64.txt" />
		<Unit filename="stamp-0.9.10/labyrinth/labyrinth" />
		<Unit filename="stamp-0.9.10/labyrinth/labyrinth.c">
			<Option compilerVar="CC" />
		</Unit>
		<Unit filename="stamp-0.9.10/labyrinth/maze.c">
			<Option compilerVar="CC" />
		</Unit>
		<Unit filename="stamp-0.9.10/labyrinth/maze.h" />
		<Unit filename="stamp-0.9.10/labyrinth/router.c">
			<Option compilerVar="CC" />
		</Unit>
		<Unit filename="stamp-0.9.10/labyrinth/router.h" />
		<Unit filename="stamp-0.9.10/lib/LEGALNOTICE.rbtree" />
		<Unit filename="stamp-0.9.10/lib/LICENSE.rbtree" />
		<Unit filename="stamp-0.9.10/lib/Makefile" />
		<Unit filename="stamp-0.9.10/lib/avltree.c">
			<Option compilerVar="CC" />
		</Unit>
		<Unit filename="stamp-0.9.10/lib/avltree.h" />
		<Unit filename="stamp-0.9.10/lib/bitmap.c">
			<Option compilerVar="CC" />
		</Unit>
		<Unit filename="stamp-0.9.10/lib/bitmap.h" />
		<Unit filename="stamp-0.9.10/lib/hash.c">
			<Option compilerVar="CC" />
		</Unit>
		<Unit filename="stamp-0.9.10/lib/hash.h" />
		<Unit filename="stamp-0.9.10/lib/hashtable.c">
			<Option compilerVar="CC" />
		</Unit>
		<Unit filename="stamp-0.9.10/lib/hashtable.h" />
		<Unit filename="stamp-0.9.10/lib/heap.c">
			<Option compilerVar="CC" />
		</Unit>
		<Unit filename="stamp-0.9.10/lib/heap.h" />
		<Unit filename="stamp-0.9.10/lib/list.c">
			<Option compilerVar="CC" />
		</Unit>
		<Unit filename="stamp-0.9.10/lib/list.h" />
		<Unit filename="stamp-0.9.10/lib/map.h" />
		<Unit filename="stamp-0.9.10/lib/memory.c">
			<Option compilerVar="CC" />
		</Unit>
		<Unit filename="stamp-0.9.10/lib/memory.h" />
		<Unit filename="stamp-0.9.10/lib/mt19937ar.c">
			<Option compilerVar="CC" />
		</Unit>
		<Unit filename="stamp-0.9.10/lib/mt19937ar.h" />
		<Unit filename="stamp-0.9.10/lib/pair.c">
			<Option compilerVar="CC" />
		</Unit>
		<Unit filename="stamp-0.9.10/lib/pair.h" />
		<Unit filename="stamp-0.9.10/lib/queue.c">
			<Option compilerVar="CC" />
		</Unit>
		<Unit filename="stamp-0.9.10/lib/queue.h" />
		<Unit filename="stamp-0.9.10/lib/random.c">
			<Option compilerVar="CC" />
		</Unit>
		<Unit filename="stamp-0.9.10/lib/random.h" />
		<Unit filename="stamp-0.9.10/lib/rbtree.c">
			<Option compilerVar="CC" />
		</Unit>
		<Unit filename="stamp-0.9.10/lib/rbtree.h" />
		<Unit filename="stamp-0.9.10/lib/set.h" />
		<Unit filename="stamp-0.9.10/lib/thread.c">
			<Option compilerVar="CC" />
		</Unit>
		<Unit filename="stamp-0.9.10/lib/thread.h" />
		<Unit filename="stamp-0.9.10/lib/timer.h" />
		<Unit filename="stamp-0.9.10/lib/tm.h" />
		<Unit filename="stamp-0.9.10/lib/types.h" />
		<Unit filename="stamp-0.9.10/lib/utility.h" />
		<Unit filename="stamp-0.9.10/lib/vector.c">
			<Option compilerVar="CC" />
		</Unit>
		<Unit filename="stamp-0.9.10/lib/vector.h" />
		<Unit filename="stamp-0.9.10/mainStart.sh" />
		<Unit filename="stamp-0.9.10/mem" />
		<Unit filename="stamp-0.9.10/memusagelog" />
		<Unit filename="stamp-0.9.10/myRunHowTo" />
		<Unit filename="stamp-0.9.10/out-real.seq" />
		<Unit filename="stamp-0.9.10/out-real.stm" />
		<Unit filename="stamp-0.9.10/out-tinySTM.stm" />
		<Unit filename="stamp-0.9.10/out.mylog" />
		<Unit filename="stamp-0.9.10/singbench" />
		<Unit filename="stamp-0.9.10/ssca2/Defines.common.mk" />
		<Unit filename="stamp-0.9.10/ssca2/Makefile.orig" />
		<Unit filename="stamp-0.9.10/ssca2/Makefile.seq" />
		<Unit filename="stamp-0.9.10/ssca2/Makefile.stm" />
		<Unit filename="stamp-0.9.10/ssca2/Makefile.stm.otm" />
		<Unit filename="stamp-0.9.10/ssca2/README" />
		<Unit filename="stamp-0.9.10/ssca2/alg_radix_smp.c">
			<Option compilerVar="CC" />
		</Unit>
		<Unit filename="stamp-0.9.10/ssca2/alg_radix_smp.h" />
		<Unit filename="stamp-0.9.10/ssca2/computeGraph.c">
			<Option compilerVar="CC" />
		</Unit>
		<Unit filename="stamp-0.9.10/ssca2/computeGraph.h" />
		<Unit filename="stamp-0.9.10/ssca2/createPartition.c">
			<Option compilerVar="CC" />
		</Unit>
		<Unit filename="stamp-0.9.10/ssca2/createPartition.h" />
		<Unit filename="stamp-0.9.10/ssca2/cutClusters.c">
			<Option compilerVar="CC" />
		</Unit>
		<Unit filename="stamp-0.9.10/ssca2/cutClusters.h" />
		<Unit filename="stamp-0.9.10/ssca2/cutClusters.o" />
		<Unit filename="stamp-0.9.10/ssca2/defs.h" />
		<Unit filename="stamp-0.9.10/ssca2/findSubGraphs.c">
			<Option compilerVar="CC" />
		</Unit>
		<Unit filename="stamp-0.9.10/ssca2/findSubGraphs.h" />
		<Unit filename="stamp-0.9.10/ssca2/genScalData.c">
			<Option compilerVar="CC" />
		</Unit>
		<Unit filename="stamp-0.9.10/ssca2/genScalData.h" />
		<Unit filename="stamp-0.9.10/ssca2/getStartLists.c">
			<Option compilerVar="CC" />
		</Unit>
		<Unit filename="stamp-0.9.10/ssca2/getStartLists.h" />
		<Unit filename="stamp-0.9.10/ssca2/getUserParameters.c">
			<Option compilerVar="CC" />
		</Unit>
		<Unit filename="stamp-0.9.10/ssca2/getUserParameters.h" />
		<Unit filename="stamp-0.9.10/ssca2/globals.c">
			<Option compilerVar="CC" />
		</Unit>
		<Unit filename="stamp-0.9.10/ssca2/globals.h" />
		<Unit filename="stamp-0.9.10/ssca2/ssca2.c">
			<Option compilerVar="CC" />
		</Unit>
		<Unit filename="stamp-0.9.10/stamp-test.sh" />
		<Unit filename="stamp-0.9.10/stamp-testj.sh" />
		<Unit filename="stamp-0.9.10/stamp-testp.sh" />
		<Unit filename="stamp-0.9.10/stats.pl" />
		<Unit filename="stamp-0.9.10/stilltodolist" />
		<Unit filename="stamp-0.9.10/storiginal.sh" />
		<Unit filename="stamp-0.9.10/vacation/Defines.common.mk" />
		<Unit filename="stamp-0.9.10/vacation/Makefile.seq" />
		<Unit filename="stamp-0.9.10/vacation/Makefile.stm" />
		<Unit filename="stamp-0.9.10/vacation/Makefile.stm.otm" />
		<Unit filename="stamp-0.9.10/vacation/README" />
		<Unit filename="stamp-0.9.10/vacation/action.h" />
		<Unit filename="stamp-0.9.10/vacation/client.c">
			<Option compilerVar="CC" />
		</Unit>
		<Unit filename="stamp-0.9.10/vacation/client.h" />
		<Unit filename="stamp-0.9.10/vacation/customer.c">
			<Option compilerVar="CC" />
		</Unit>
		<Unit filename="stamp-0.9.10/vacation/customer.c.orig" />
		<Unit filename="stamp-0.9.10/vacation/customer.h" />
		<Unit filename="stamp-0.9.10/vacation/manager.c">
			<Option compilerVar="CC" />
		</Unit>
		<Unit filename="stamp-0.9.10/vacation/manager.h" />
		<Unit filename="stamp-0.9.10/vacation/operation.h" />
		<Unit filename="stamp-0.9.10/vacation/reservation.c">
			<Option compilerVar="CC" />
		</Unit>
		<Unit filename="stamp-0.9.10/vacation/reservation.h" />
		<Unit filename="stamp-0.9.10/vacation/vacation" />
		<Unit filename="stamp-0.9.10/vacation/vacation.c">
			<Option compilerVar="CC" />
		</Unit>
		<Unit filename="stamp-0.9.10/yada/Defines.common.mk" />
		<Unit filename="stamp-0.9.10/yada/Makefile.seq" />
		<Unit filename="stamp-0.9.10/yada/Makefile.stm" />
		<Unit filename="stamp-0.9.10/yada/Makefile.stm.otm" />
		<Unit filename="stamp-0.9.10/yada/README" />
		<Unit filename="stamp-0.9.10/yada/coordinate.c">
			<Option compilerVar="CC" />
		</Unit>
		<Unit filename="stamp-0.9.10/yada/coordinate.h" />
		<Unit filename="stamp-0.9.10/yada/element.c">
			<Option compilerVar="CC" />
		</Unit>
		<Unit filename="stamp-0.9.10/yada/element.h" />
		<Unit filename="stamp-0.9.10/yada/inputs/633.2.ele" />
		<Unit filename="stamp-0.9.10/yada/inputs/633.2.node" />
		<Unit filename="stamp-0.9.10/yada/inputs/633.2.poly" />
		<Unit filename="stamp-0.9.10/yada/inputs/dots.2.ele" />
		<Unit filename="stamp-0.9.10/yada/inputs/dots.2.node" />
		<Unit filename="stamp-0.9.10/yada/inputs/dots.2.poly" />
		<Unit filename="stamp-0.9.10/yada/inputs/ladder.2.ele" />
		<Unit filename="stamp-0.9.10/yada/inputs/ladder.2.node" />
		<Unit filename="stamp-0.9.10/yada/inputs/ladder.2.poly" />
		<Unit filename="stamp-0.9.10/yada/inputs/spiral.2.ele" />
		<Unit filename="stamp-0.9.10/yada/inputs/spiral.2.node" />
		<Unit filename="stamp-0.9.10/yada/inputs/spiral.2.poly" />
		<Unit filename="stamp-0.9.10/yada/inputs/ttimeu10000.2.ele" />
		<Unit filename="stamp-0.9.10/yada/inputs/ttimeu10000.2.node" />
		<Unit filename="stamp-0.9.10/yada/inputs/ttimeu10000.2.poly" />
		<Unit filename="stamp-0.9.10/yada/inputs/ttimeu100000.2.ele" />
		<Unit filename="stamp-0.9.10/yada/inputs/ttimeu100000.2.node" />
		<Unit filename="stamp-0.9.10/yada/inputs/ttimeu100000.2.poly" />
		<Unit filename="stamp-0.9.10/yada/inputs/ttimeu1000000.2.ele" />
		<Unit filename="stamp-0.9.10/yada/inputs/ttimeu1000000.2.node" />
		<Unit filename="stamp-0.9.10/yada/inputs/ttimeu1000000.2.poly" />
		<Unit filename="stamp-0.9.10/yada/mesh.c">
			<Option compilerVar="CC" />
		</Unit>
		<Unit filename="stamp-0.9.10/yada/mesh.h" />
		<Unit filename="stamp-0.9.10/yada/region.c">
			<Option compilerVar="CC" />
		</Unit>
		<Unit filename="stamp-0.9.10/yada/region.h" />
		<Unit filename="tinySTM/ChangeLog" />
		<Unit filename="tinySTM/Doxyfile" />
		<Unit filename="tinySTM/LICENSE.txt" />
		<Unit filename="tinySTM/Makefile" />
		<Unit filename="tinySTM/Makefile.common" />
		<Unit filename="tinySTM/Makefile.original" />
		<Unit filename="tinySTM/README" />
		<Unit filename="tinySTM/doc/html/annotated.html" />
		<Unit filename="tinySTM/doc/html/classes.html" />
		<Unit filename="tinySTM/doc/html/doxygen.css" />
		<Unit filename="tinySTM/doc/html/doxygen.png" />
		<Unit filename="tinySTM/doc/html/files.html" />
		<Unit filename="tinySTM/doc/html/ftv2blank.png" />
		<Unit filename="tinySTM/doc/html/ftv2doc.png" />
		<Unit filename="tinySTM/doc/html/ftv2folderclosed.png" />
		<Unit filename="tinySTM/doc/html/ftv2folderopen.png" />
		<Unit filename="tinySTM/doc/html/ftv2lastnode.png" />
		<Unit filename="tinySTM/doc/html/ftv2link.png" />
		<Unit filename="tinySTM/doc/html/ftv2mlastnode.png" />
		<Unit filename="tinySTM/doc/html/ftv2mnode.png" />
		<Unit filename="tinySTM/doc/html/ftv2node.png" />
		<Unit filename="tinySTM/doc/html/ftv2plastnode.png" />
		<Unit filename="tinySTM/doc/html/ftv2pnode.png" />
		<Unit filename="tinySTM/doc/html/ftv2vertline.png" />
		<Unit filename="tinySTM/doc/html/functions.html" />
		<Unit filename="tinySTM/doc/html/functions_vars.html" />
		<Unit filename="tinySTM/doc/html/globals.html" />
		<Unit filename="tinySTM/doc/html/globals_eval.html" />
		<Unit filename="tinySTM/doc/html/globals_func.html" />
		<Unit filename="tinySTM/doc/html/globals_type.html" />
		<Unit filename="tinySTM/doc/html/index.html" />
		<Unit filename="tinySTM/doc/html/main.html" />
		<Unit filename="tinySTM/doc/html/mod__log_8h.html" />
		<Unit filename="tinySTM/doc/html/mod__log_8h_source.html" />
		<Unit filename="tinySTM/doc/html/mod__mem_8h-source.html" />
		<Unit filename="tinySTM/doc/html/mod__mem_8h.html" />
		<Unit filename="tinySTM/doc/html/mod__print_8h-source.html" />
		<Unit filename="tinySTM/doc/html/mod__print_8h.html" />
		<Unit filename="tinySTM/doc/html/mod__stats_8h-source.html" />
		<Unit filename="tinySTM/doc/html/mod__stats_8h.html" />
		<Unit filename="tinySTM/doc/html/stm_8h-source.html" />
		<Unit filename="tinySTM/doc/html/stm_8h.html" />
		<Unit filename="tinySTM/doc/html/structstm__tx__attr.html" />
		<Unit filename="tinySTM/doc/html/tab_b.gif" />
		<Unit filename="tinySTM/doc/html/tab_l.gif" />
		<Unit filename="tinySTM/doc/html/tab_r.gif" />
		<Unit filename="tinySTM/doc/html/tabs.css" />
		<Unit filename="tinySTM/doc/html/tree.html" />
		<Unit filename="tinySTM/doc/html/wrappers_8h-source.html" />
		<Unit filename="tinySTM/doc/html/wrappers_8h.html" />
		<Unit filename="tinySTM/include/mod_cb.h" />
		<Unit filename="tinySTM/include/mod_log.h" />
		<Unit filename="tinySTM/include/mod_mem.h" />
		<Unit filename="tinySTM/include/mod_print.h" />
		<Unit filename="tinySTM/include/mod_stats.h" />
		<Unit filename="tinySTM/include/stm.h" />
		<Unit filename="tinySTM/include/wrappers.h" />
		<Unit filename="tinySTM/lib/libstm.a" />
		<Unit filename="tinySTM/src/atomic.h" />
		<Unit filename="tinySTM/src/atomic_ops/AUTHORS" />
		<Unit filename="tinySTM/src/atomic_ops/COPYING" />
		<Unit filename="tinySTM/src/atomic_ops/README" />
		<Unit filename="tinySTM/src/atomic_ops/aligned_atomic_load_store.h" />
		<Unit filename="tinySTM/src/atomic_ops/all_acquire_release_volatile.h" />
		<Unit filename="tinySTM/src/atomic_ops/ao_t_is_int.h" />
		<Unit filename="tinySTM/src/atomic_ops/atomic_ops.h" />
		<Unit filename="tinySTM/src/atomic_ops/generalize-small.h" />
		<Unit filename="tinySTM/src/atomic_ops/generalize.h" />
		<Unit filename="tinySTM/src/atomic_ops/ia64.h" />
		<Unit filename="tinySTM/src/atomic_ops/ordered_except_wr.h" />
		<Unit filename="tinySTM/src/atomic_ops/powerpc.h" />
		<Unit filename="tinySTM/src/atomic_ops/read_ordered.h" />
		<Unit filename="tinySTM/src/atomic_ops/sparc.h" />
		<Unit filename="tinySTM/src/atomic_ops/standard_ao_double_t.h" />
		<Unit filename="tinySTM/src/atomic_ops/test_and_set_t_is_ao_t.h" />
		<Unit filename="tinySTM/src/atomic_ops/test_and_set_t_is_char.h" />
		<Unit filename="tinySTM/src/atomic_ops/x86.h" />
		<Unit filename="tinySTM/src/atomic_ops/x86_64.h" />
		<Unit filename="tinySTM/src/degree_of_parallelism.h" />
		<Unit filename="tinySTM/src/gc.c">
			<Option compilerVar="CC" />
		</Unit>
		<Unit filename="tinySTM/src/gc.h" />
		<Unit filename="tinySTM/src/mod_cb.c">
			<Option compilerVar="CC" />
		</Unit>
		<Unit filename="tinySTM/src/mod_log.c">
			<Option compilerVar="CC" />
		</Unit>
		<Unit filename="tinySTM/src/mod_mem.c">
			<Option compilerVar="CC" />
		</Unit>
		<Unit filename="tinySTM/src/mod_print.c">
			<Option compilerVar="CC" />
		</Unit>
		<Unit filename="tinySTM/src/mod_stats.c">
			<Option compilerVar="CC" />
		</Unit>
		<Unit filename="tinySTM/src/stm.c">
			<Option compilerVar="CC" />
		</Unit>
		<Unit filename="tinySTM/src/stm.o.c">
			<Option compilerVar="CC" />
		</Unit>
		<Unit filename="tinySTM/src/wrappers.c">
			<Option compilerVar="CC" />
		</Unit>
		<Unit filename="tinySTM/tanger/Makefile" />
		<Unit filename="tinySTM/tanger/tanger.c">
			<Option compilerVar="CC" />
		</Unit>
		<Unit filename="tinySTM/test/Makefile" />
		<Unit filename="tinySTM/test/bank/Makefile" />
		<Unit filename="tinySTM/test/bank/bank.c">
			<Option compilerVar="CC" />
		</Unit>
		<Unit filename="tinySTM/test/intset/Makefile" />
		<Unit filename="tinySTM/test/intset/README.rbtree" />
		<Unit filename="tinySTM/test/intset/intset.c">
			<Option compilerVar="CC" />
		</Unit>
		<Unit filename="tinySTM/test/intset/rbtree.c">
			<Option compilerVar="CC" />
		</Unit>
		<Unit filename="tinySTM/test/intset/rbtree.h" />
		<Unit filename="tinySTM/test/intset/tm.h" />
		<Unit filename="tinySTM/test/intset/types.h" />
		<Unit filename="tinySTM/test/regression/Makefile" />
		<Unit filename="tinySTM/test/regression/irrevocability.c">
			<Option compilerVar="CC" />
		</Unit>
		<Unit filename="tinySTM/test/regression/types.c">
			<Option compilerVar="CC" />
		</Unit>
		<Extensions>
			<code_completion />
			<debugger />
		</Extensions>
	</Project>
</CodeBlocks_project_file>
